
Microsoft Visual Studio Solution File, Format Version 12.00
# Visual Studio Version 17
VisualStudioVersion = 17.8.34322.80
MinimumVisualStudioVersion = 10.0.40219.1
Project("{9A19103F-16F7-4668-BE54-9A1E7A4F7556}") = "WebBanHang", "WebBanHang\WebBanHang.csproj", "{9CBEB553-FC5E-420A-AD17-E8251F4A35D3}"
EndProject
Project("{9A19103F-16F7-4668-BE54-9A1E7A4F7556}") = "WebBanHang.Models", "WebBanHang.Models\WebBanHang.Models.csproj", "{8E3E9BF4-07D7-4285-BB26-31CFFB4A93CD}"
EndProject
Project("{9A19103F-16F7-4668-BE54-9A1E7A4F7556}") = "WebBanHang.DataAcess", "WebBanHang.DataAcess\WebBanHang.DataAcess.csproj", "{95E2E2BD-012E-4467-AB0E-F355504FD1EB}"
EndProject
Project("{FAE04EC0-301F-11D3-BF4B-00C04F79EFBC}") = "VnPayLibrary", "VnPayLibrary\VnPayLibrary.csproj", "{FC3E161F-A2F0-4C37-AFEF-26A297302F27}"
EndProject
Global
	GlobalSection(SolutionConfigurationPlatforms) = preSolution
		Debug|Any CPU = Debug|Any CPU
		Release|Any CPU = Release|Any CPU
	EndGlobalSection
	GlobalSection(ProjectConfigurationPlatforms) = postSolution
		{9CBEB553-FC5E-420A-AD17-E8251F4A35D3}.Debug|Any CPU.ActiveCfg = Debug|Any CPU
		{9CBEB553-FC5E-420A-AD17-E8251F4A35D3}.Debug|Any CPU.Build.0 = Debug|Any CPU
		{9CBEB553-FC5E-420A-AD17-E8251F4A35D3}.Release|Any CPU.ActiveCfg = Release|Any CPU
		{9CBEB553-FC5E-420A-AD17-E8251F4A35D3}.Release|Any CPU.Build.0 = Release|Any CPU
		{8E3E9BF4-07D7-4285-BB26-31CFFB4A93CD}.Debug|Any CPU.ActiveCfg = Debug|Any CPU
		{8E3E9BF4-07D7-4285-BB26-31CFFB4A93CD}.Debug|Any CPU.Build.0 = Debug|Any CPU
		{8E3E9BF4-07D7-4285-BB26-31CFFB4A93CD}.Release|Any CPU.ActiveCfg = Release|Any CPU
		{8E3E9BF4-07D7-4285-BB26-31CFFB4A93CD}.Release|Any CPU.Build.0 = Release|Any CPU
		{95E2E2BD-012E-4467-AB0E-F355504FD1EB}.Debug|Any CPU.ActiveCfg = Debug|Any CPU
		{95E2E2BD-012E-4467-AB0E-F355504FD1EB}.Debug|Any CPU.Build.0 = Debug|Any CPU
		{95E2E2BD-012E-4467-AB0E-F355504FD1EB}.Release|Any CPU.ActiveCfg = Release|Any CPU
		{95E2E2BD-012E-4467-AB0E-F355504FD1EB}.Release|Any CPU.Build.0 = Release|Any CPU
		{FC3E161F-A2F0-4C37-AFEF-26A297302F27}.Debug|Any CPU.ActiveCfg = Debug|Any CPU
		{FC3E161F-A2F0-4C37-AFEF-26A297302F27}.Debug|Any CPU.Build.0 = Debug|Any CPU
		{FC3E161F-A2F0-4C37-AFEF-26A297302F27}.Release|Any CPU.ActiveCfg = Release|Any CPU
		{FC3E161F-A2F0-4C37-AFEF-26A297302F27}.Release|Any CPU.Build.0 = Release|Any CPU
	EndGlobalSection
	GlobalSection(SolutionProperties) = preSolution
		HideSolutionNode = FALSE
	EndGlobalSection
	GlobalSection(ExtensibilityGlobals) = postSolution
		SolutionGuid = {B6CC07F3-B206-4009-BB44-9A4467296A28}
	EndGlobalSection
EndGlobal
